
Microsoft Visual Studio Solution File, Format Version 12.00
# Visual Studio Version 16
VisualStudioVersion = 16.0.30717.126
MinimumVisualStudioVersion = 10.0.40219.1
Project("{8BC9CEB8-8B4A-11D0-8D11-00A0C91BC942}") = "xModelGen", "xModelGen.vcxproj", "{8244AA71-E5C1-3553-87D9-DFF07513204B}"
EndProject
Project("{8BC9CEB8-8B4A-11D0-8D11-00A0C91BC942}") = "dxflib", "dxflib-3.17.0-src\dxflib.vcxproj", "{633AD59B-4425-31AC-BA47-983BD074DAB4}"
EndProject
Global
	GlobalSection(SolutionConfigurationPlatforms) = preSolution
		Debug|x64 = Debug|x64
		Debug|x86 = Debug|x86
		Release|x64 = Release|x64
		Release|x86 = Release|x86
	EndGlobalSection
	GlobalSection(ProjectConfigurationPlatforms) = postSolution
		{8244AA71-E5C1-3553-87D9-DFF07513204B}.Debug|x64.ActiveCfg = Debug|x64
		{8244AA71-E5C1-3553-87D9-DFF07513204B}.Debug|x64.Build.0 = Debug|x64
		{8244AA71-E5C1-3553-87D9-DFF07513204B}.Debug|x86.ActiveCfg = Debug|Win32
		{8244AA71-E5C1-3553-87D9-DFF07513204B}.Debug|x86.Build.0 = Debug|Win32
		{8244AA71-E5C1-3553-87D9-DFF07513204B}.Release|x64.ActiveCfg = Release|x64
		{8244AA71-E5C1-3553-87D9-DFF07513204B}.Release|x64.Build.0 = Release|x64
		{8244AA71-E5C1-3553-87D9-DFF07513204B}.Release|x86.ActiveCfg = Release|Win32
		{8244AA71-E5C1-3553-87D9-DFF07513204B}.Release|x86.Build.0 = Release|Win32
		{633AD59B-4425-31AC-BA47-983BD074DAB4}.Debug|x64.ActiveCfg = Debug|x64
		{633AD59B-4425-31AC-BA47-983BD074DAB4}.Debug|x64.Build.0 = Debug|x64
		{633AD59B-4425-31AC-BA47-983BD074DAB4}.Debug|x86.ActiveCfg = Debug|x64
		{633AD59B-4425-31AC-BA47-983BD074DAB4}.Release|x64.ActiveCfg = Release|x64
		{633AD59B-4425-31AC-BA47-983BD074DAB4}.Release|x64.Build.0 = Release|x64
		{633AD59B-4425-31AC-BA47-983BD074DAB4}.Release|x86.ActiveCfg = Release|x64
	EndGlobalSection
	GlobalSection(SolutionProperties) = preSolution
		HideSolutionNode = FALSE
	EndGlobalSection
	GlobalSection(ExtensibilityGlobals) = postSolution
		SolutionGuid = {CB78EFD8-4158-4DA7-91BB-AC12F710B47F}
	EndGlobalSection
EndGlobal
